
Microsoft Visual Studio Solution File, Format Version 12.00
# Visual Studio Version 17
VisualStudioVersion = 17.1.32407.343
MinimumVisualStudioVersion = 10.0.40219.1
Project("{888888A0-9F3D-457C-B088-3A5042F75D52}") = "DiscreteFinalProject", "DiscreteFinalProject.pyproj", "{DA95EB0B-BEA7-4679-9801-570A6CA7D348}"
EndProject
Global
	GlobalSection(SolutionConfigurationPlatforms) = preSolution
		Debug|Any CPU = Debug|Any CPU
		Release|Any CPU = Release|Any CPU
	EndGlobalSection
	GlobalSection(ProjectConfigurationPlatforms) = postSolution
		{DA95EB0B-BEA7-4679-9801-570A6CA7D348}.Debug|Any CPU.ActiveCfg = Debug|Any CPU
		{DA95EB0B-BEA7-4679-9801-570A6CA7D348}.Release|Any CPU.ActiveCfg = Release|Any CPU
	EndGlobalSection
	GlobalSection(SolutionProperties) = preSolution
		HideSolutionNode = FALSE
	EndGlobalSection
	GlobalSection(ExtensibilityGlobals) = postSolution
		SolutionGuid = {7C4410E6-D7DA-45CD-A363-70C2F1993F7B}
	EndGlobalSection
EndGlobal
